
Microsoft Visual Studio Solution File, Format Version 12.00
# Visual Studio Version 16
VisualStudioVersion = 16.0.30615.102
MinimumVisualStudioVersion = 10.0.40219.1
Project("{9A19103F-16F7-4668-BE54-9A1E7A4F7556}") = "ash", "ash\ash.csproj", "{32358D66-A423-4D43-9DF7-632D7AD56DA8}"
EndProject
Project("{9A19103F-16F7-4668-BE54-9A1E7A4F7556}") = "ashinstall", "ashinstall\ashinstall.csproj", "{BA2B551C-675D-4AD4-8528-C6FB5ABEE3B2}"
EndProject
Project("{FAE04EC0-301F-11D3-BF4B-00C04F79EFBC}") = "BaseModule", "BaseModule\BaseModule.csproj", "{E82DEDDC-7B11-483C-BE33-5E2A27C712DD}"
EndProject
Project("{FAE04EC0-301F-11D3-BF4B-00C04F79EFBC}") = "ModuleAPI", "ModuleAPI\ModuleAPI.csproj", "{8827F0D0-D6A9-43E8-9136-79161A3DC962}"
EndProject
Global
	GlobalSection(SolutionConfigurationPlatforms) = preSolution
		Debug|Any CPU = Debug|Any CPU
		Debug|x64 = Debug|x64
		Debug|x86 = Debug|x86
		Release|Any CPU = Release|Any CPU
		Release|x64 = Release|x64
		Release|x86 = Release|x86
	EndGlobalSection
	GlobalSection(ProjectConfigurationPlatforms) = postSolution
		{32358D66-A423-4D43-9DF7-632D7AD56DA8}.Debug|Any CPU.ActiveCfg = Debug|Any CPU
		{32358D66-A423-4D43-9DF7-632D7AD56DA8}.Debug|Any CPU.Build.0 = Debug|Any CPU
		{32358D66-A423-4D43-9DF7-632D7AD56DA8}.Debug|x64.ActiveCfg = Debug|Any CPU
		{32358D66-A423-4D43-9DF7-632D7AD56DA8}.Debug|x64.Build.0 = Debug|Any CPU
		{32358D66-A423-4D43-9DF7-632D7AD56DA8}.Debug|x86.ActiveCfg = Debug|Any CPU
		{32358D66-A423-4D43-9DF7-632D7AD56DA8}.Debug|x86.Build.0 = Debug|Any CPU
		{32358D66-A423-4D43-9DF7-632D7AD56DA8}.Release|Any CPU.ActiveCfg = Release|Any CPU
		{32358D66-A423-4D43-9DF7-632D7AD56DA8}.Release|Any CPU.Build.0 = Release|Any CPU
		{32358D66-A423-4D43-9DF7-632D7AD56DA8}.Release|x64.ActiveCfg = Release|Any CPU
		{32358D66-A423-4D43-9DF7-632D7AD56DA8}.Release|x64.Build.0 = Release|Any CPU
		{32358D66-A423-4D43-9DF7-632D7AD56DA8}.Release|x86.ActiveCfg = Release|Any CPU
		{32358D66-A423-4D43-9DF7-632D7AD56DA8}.Release|x86.Build.0 = Release|Any CPU
		{BA2B551C-675D-4AD4-8528-C6FB5ABEE3B2}.Debug|Any CPU.ActiveCfg = Debug|Any CPU
		{BA2B551C-675D-4AD4-8528-C6FB5ABEE3B2}.Debug|Any CPU.Build.0 = Debug|Any CPU
		{BA2B551C-675D-4AD4-8528-C6FB5ABEE3B2}.Debug|x64.ActiveCfg = Debug|Any CPU
		{BA2B551C-675D-4AD4-8528-C6FB5ABEE3B2}.Debug|x64.Build.0 = Debug|Any CPU
		{BA2B551C-675D-4AD4-8528-C6FB5ABEE3B2}.Debug|x86.ActiveCfg = Debug|Any CPU
		{BA2B551C-675D-4AD4-8528-C6FB5ABEE3B2}.Debug|x86.Build.0 = Debug|Any CPU
		{BA2B551C-675D-4AD4-8528-C6FB5ABEE3B2}.Release|Any CPU.ActiveCfg = Release|Any CPU
		{BA2B551C-675D-4AD4-8528-C6FB5ABEE3B2}.Release|Any CPU.Build.0 = Release|Any CPU
		{BA2B551C-675D-4AD4-8528-C6FB5ABEE3B2}.Release|x64.ActiveCfg = Release|Any CPU
		{BA2B551C-675D-4AD4-8528-C6FB5ABEE3B2}.Release|x64.Build.0 = Release|Any CPU
		{BA2B551C-675D-4AD4-8528-C6FB5ABEE3B2}.Release|x86.ActiveCfg = Release|Any CPU
		{BA2B551C-675D-4AD4-8528-C6FB5ABEE3B2}.Release|x86.Build.0 = Release|Any CPU
		{E82DEDDC-7B11-483C-BE33-5E2A27C712DD}.Debug|Any CPU.ActiveCfg = Debug|Any CPU
		{E82DEDDC-7B11-483C-BE33-5E2A27C712DD}.Debug|Any CPU.Build.0 = Debug|Any CPU
		{E82DEDDC-7B11-483C-BE33-5E2A27C712DD}.Debug|x64.ActiveCfg = Debug|Any CPU
		{E82DEDDC-7B11-483C-BE33-5E2A27C712DD}.Debug|x64.Build.0 = Debug|Any CPU
		{E82DEDDC-7B11-483C-BE33-5E2A27C712DD}.Debug|x86.ActiveCfg = Debug|Any CPU
		{E82DEDDC-7B11-483C-BE33-5E2A27C712DD}.Debug|x86.Build.0 = Debug|Any CPU
		{E82DEDDC-7B11-483C-BE33-5E2A27C712DD}.Release|Any CPU.ActiveCfg = Release|Any CPU
		{E82DEDDC-7B11-483C-BE33-5E2A27C712DD}.Release|Any CPU.Build.0 = Release|Any CPU
		{E82DEDDC-7B11-483C-BE33-5E2A27C712DD}.Release|x64.ActiveCfg = Release|Any CPU
		{E82DEDDC-7B11-483C-BE33-5E2A27C712DD}.Release|x64.Build.0 = Release|Any CPU
		{E82DEDDC-7B11-483C-BE33-5E2A27C712DD}.Release|x86.ActiveCfg = Release|Any CPU
		{E82DEDDC-7B11-483C-BE33-5E2A27C712DD}.Release|x86.Build.0 = Release|Any CPU
		{8827F0D0-D6A9-43E8-9136-79161A3DC962}.Debug|Any CPU.ActiveCfg = Debug|Any CPU
		{8827F0D0-D6A9-43E8-9136-79161A3DC962}.Debug|Any CPU.Build.0 = Debug|Any CPU
		{8827F0D0-D6A9-43E8-9136-79161A3DC962}.Debug|x64.ActiveCfg = Debug|Any CPU
		{8827F0D0-D6A9-43E8-9136-79161A3DC962}.Debug|x64.Build.0 = Debug|Any CPU
		{8827F0D0-D6A9-43E8-9136-79161A3DC962}.Debug|x86.ActiveCfg = Debug|Any CPU
		{8827F0D0-D6A9-43E8-9136-79161A3DC962}.Debug|x86.Build.0 = Debug|Any CPU
		{8827F0D0-D6A9-43E8-9136-79161A3DC962}.Release|Any CPU.ActiveCfg = Release|Any CPU
		{8827F0D0-D6A9-43E8-9136-79161A3DC962}.Release|Any CPU.Build.0 = Release|Any CPU
		{8827F0D0-D6A9-43E8-9136-79161A3DC962}.Release|x64.ActiveCfg = Release|Any CPU
		{8827F0D0-D6A9-43E8-9136-79161A3DC962}.Release|x64.Build.0 = Release|Any CPU
		{8827F0D0-D6A9-43E8-9136-79161A3DC962}.Release|x86.ActiveCfg = Release|Any CPU
		{8827F0D0-D6A9-43E8-9136-79161A3DC962}.Release|x86.Build.0 = Release|Any CPU
	EndGlobalSection
	GlobalSection(SolutionProperties) = preSolution
		HideSolutionNode = FALSE
	EndGlobalSection
	GlobalSection(ExtensibilityGlobals) = postSolution
		SolutionGuid = {DF98D28D-0AC5-445A-9BAF-B9008C37E1AE}
	EndGlobalSection
EndGlobal
